
Microsoft Visual Studio Solution File, Format Version 12.00
# Visual Studio Version 16
VisualStudioVersion = 16.0.30114.105
MinimumVisualStudioVersion = 10.0.40219.1
Project("{FAE04EC0-301F-11D3-BF4B-00C04F79EFBC}") = "WebApi", "WebApi\WebApi.csproj", "{90F03310-AD57-46A9-98AE-D8F760AE0B47}"
EndProject
Project("{2150E333-8FDC-42A3-9474-1A3956D46DE8}") = "tests", "tests", "{C035E857-CC3B-47F2-933A-9E1041509708}"
EndProject
Project("{FAE04EC0-301F-11D3-BF4B-00C04F79EFBC}") = "WebApi.UnitTests", "tests\webapi.unittests\WebApi.UnitTests.csproj", "{E73471C1-64E7-4706-B6E4-219D5BB1E67A}"
EndProject
Global
	GlobalSection(SolutionConfigurationPlatforms) = preSolution
		Debug|Any CPU = Debug|Any CPU
		Debug|x64 = Debug|x64
		Debug|x86 = Debug|x86
		Release|Any CPU = Release|Any CPU
		Release|x64 = Release|x64
		Release|x86 = Release|x86
	EndGlobalSection
	GlobalSection(SolutionProperties) = preSolution
		HideSolutionNode = FALSE
	EndGlobalSection
	GlobalSection(ProjectConfigurationPlatforms) = postSolution
		{90F03310-AD57-46A9-98AE-D8F760AE0B47}.Debug|Any CPU.ActiveCfg = Debug|Any CPU
		{90F03310-AD57-46A9-98AE-D8F760AE0B47}.Debug|Any CPU.Build.0 = Debug|Any CPU
		{90F03310-AD57-46A9-98AE-D8F760AE0B47}.Debug|x64.ActiveCfg = Debug|Any CPU
		{90F03310-AD57-46A9-98AE-D8F760AE0B47}.Debug|x64.Build.0 = Debug|Any CPU
		{90F03310-AD57-46A9-98AE-D8F760AE0B47}.Debug|x86.ActiveCfg = Debug|Any CPU
		{90F03310-AD57-46A9-98AE-D8F760AE0B47}.Debug|x86.Build.0 = Debug|Any CPU
		{90F03310-AD57-46A9-98AE-D8F760AE0B47}.Release|Any CPU.ActiveCfg = Release|Any CPU
		{90F03310-AD57-46A9-98AE-D8F760AE0B47}.Release|Any CPU.Build.0 = Release|Any CPU
		{90F03310-AD57-46A9-98AE-D8F760AE0B47}.Release|x64.ActiveCfg = Release|Any CPU
		{90F03310-AD57-46A9-98AE-D8F760AE0B47}.Release|x64.Build.0 = Release|Any CPU
		{90F03310-AD57-46A9-98AE-D8F760AE0B47}.Release|x86.ActiveCfg = Release|Any CPU
		{90F03310-AD57-46A9-98AE-D8F760AE0B47}.Release|x86.Build.0 = Release|Any CPU
		{E73471C1-64E7-4706-B6E4-219D5BB1E67A}.Debug|Any CPU.ActiveCfg = Debug|Any CPU
		{E73471C1-64E7-4706-B6E4-219D5BB1E67A}.Debug|Any CPU.Build.0 = Debug|Any CPU
		{E73471C1-64E7-4706-B6E4-219D5BB1E67A}.Debug|x64.ActiveCfg = Debug|Any CPU
		{E73471C1-64E7-4706-B6E4-219D5BB1E67A}.Debug|x64.Build.0 = Debug|Any CPU
		{E73471C1-64E7-4706-B6E4-219D5BB1E67A}.Debug|x86.ActiveCfg = Debug|Any CPU
		{E73471C1-64E7-4706-B6E4-219D5BB1E67A}.Debug|x86.Build.0 = Debug|Any CPU
		{E73471C1-64E7-4706-B6E4-219D5BB1E67A}.Release|Any CPU.ActiveCfg = Release|Any CPU
		{E73471C1-64E7-4706-B6E4-219D5BB1E67A}.Release|Any CPU.Build.0 = Release|Any CPU
		{E73471C1-64E7-4706-B6E4-219D5BB1E67A}.Release|x64.ActiveCfg = Release|Any CPU
		{E73471C1-64E7-4706-B6E4-219D5BB1E67A}.Release|x64.Build.0 = Release|Any CPU
		{E73471C1-64E7-4706-B6E4-219D5BB1E67A}.Release|x86.ActiveCfg = Release|Any CPU
		{E73471C1-64E7-4706-B6E4-219D5BB1E67A}.Release|x86.Build.0 = Release|Any CPU
	EndGlobalSection
	GlobalSection(NestedProjects) = preSolution
		{E73471C1-64E7-4706-B6E4-219D5BB1E67A} = {C035E857-CC3B-47F2-933A-9E1041509708}
	EndGlobalSection
EndGlobal
